
Microsoft Visual Studio Solution File, Format Version 12.00
# Visual Studio Version 17
VisualStudioVersion = 17.3.32929.385
MinimumVisualStudioVersion = 10.0.40219.1
Project("{FAE04EC0-301F-11D3-BF4B-00C04F79EFBC}") = "Plankton", "Plankton\Plankton.csproj", "{D6EFAF94-D6C8-47E8-951A-FB11B5E6D9BA}"
EndProject
Global
	GlobalSection(SolutionConfigurationPlatforms) = preSolution
		Debug|Any CPU = Debug|Any CPU
		Release|Any CPU = Release|Any CPU
	EndGlobalSection
	GlobalSection(ProjectConfigurationPlatforms) = postSolution
		{D6EFAF94-D6C8-47E8-951A-FB11B5E6D9BA}.Debug|Any CPU.ActiveCfg = Debug|Any CPU
		{D6EFAF94-D6C8-47E8-951A-FB11B5E6D9BA}.Debug|Any CPU.Build.0 = Debug|Any CPU
		{D6EFAF94-D6C8-47E8-951A-FB11B5E6D9BA}.Release|Any CPU.ActiveCfg = Release|Any CPU
		{D6EFAF94-D6C8-47E8-951A-FB11B5E6D9BA}.Release|Any CPU.Build.0 = Release|Any CPU
	EndGlobalSection
	GlobalSection(SolutionProperties) = preSolution
		HideSolutionNode = FALSE
	EndGlobalSection
	GlobalSection(ExtensibilityGlobals) = postSolution
		SolutionGuid = {1F05FB7F-0650-420C-B0D6-1299F61F5AEE}
	EndGlobalSection
EndGlobal
